
Microsoft Visual Studio Solution File, Format Version 12.00
# Visual Studio Version 17
VisualStudioVersion = 17.5.002.0
MinimumVisualStudioVersion = 10.0.40219.1
Project("{9A19103F-16F7-4668-BE54-9A1E7A4F7556}") = "Formatting", "Formatting.csproj", "{9C1F3BB3-BD0D-4B3B-BCAD-58FC64F77A5E}"
EndProject
Global
	GlobalSection(SolutionConfigurationPlatforms) = preSolution
		Debug|Any CPU = Debug|Any CPU
		Release|Any CPU = Release|Any CPU
	EndGlobalSection
	GlobalSection(ProjectConfigurationPlatforms) = postSolution
		{9C1F3BB3-BD0D-4B3B-BCAD-58FC64F77A5E}.Debug|Any CPU.ActiveCfg = Debug|Any CPU
		{9C1F3BB3-BD0D-4B3B-BCAD-58FC64F77A5E}.Debug|Any CPU.Build.0 = Debug|Any CPU
		{9C1F3BB3-BD0D-4B3B-BCAD-58FC64F77A5E}.Release|Any CPU.ActiveCfg = Release|Any CPU
		{9C1F3BB3-BD0D-4B3B-BCAD-58FC64F77A5E}.Release|Any CPU.Build.0 = Release|Any CPU
	EndGlobalSection
	GlobalSection(SolutionProperties) = preSolution
		HideSolutionNode = FALSE
	EndGlobalSection
	GlobalSection(ExtensibilityGlobals) = postSolution
		SolutionGuid = {C798FE48-4E3A-4C54-A526-199623DE80C1}
	EndGlobalSection
EndGlobal
